<?xml version="1.0" encoding="utf-8"?>
<Project ToolsVersion="4.0" xmlns="http://schemas.microsoft.com/developer/msbuild/2003">
  <ItemGroup>
    <ClCompile Include="RF24.cpp">
      <Filter>RF24</Filter>
    </ClCompile>
    <ClCompile Include="spi.cpp">
      <Filter>RF24</Filter>
    </ClCompile>
    <ClCompile Include="Harvbot\HarvbotStepper.cpp">
      <Filter>Harvbot</Filter>
    </ClCompile>
    <ClCompile Include="Harvbot\HarvbotTerminableStepper.cpp">
      <Filter>Harvbot</Filter>
    </ClCompile>
    <ClCompile Include="Accelerometers\HarvbotAccelerometer.cpp">
      <Filter>Accelerometers</Filter>
    </ClCompile>
    <ClCompile Include="Accelerometers\HarvbotADXL345PiI2CAccelerometer.cpp">
      <Filter>Accelerometers</Filter>
    </ClCompile>
    <ClCompile Include="ADXL345Pi.cpp">
      <Filter>Native</Filter>
    </ClCompile>
    <ClCompile Include="HarvbotRangefinder.cpp">
      <Filter>Rangefinder</Filter>
    </ClCompile>
    <ClCompile Include="main.cpp" />
    <ClCompile Include="HarvbotVL53L0XRangefinder.cpp">
      <Filter>Rangefinder</Filter>
    </ClCompile>
    <ClCompile Include="VL53L0XPi.cpp">
      <Filter>Native</Filter>
    </ClCompile>
    <ClCompile Include="HarvbotLaser.cpp" />
    <ClCompile Include="PCA9685Pi.cpp">
      <Filter>Native</Filter>
    </ClCompile>
    <ClCompile Include="AS5048APi.cpp">
      <Filter>Native</Filter>
    </ClCompile>
  </ItemGroup>
  <ItemGroup>
    <ClInclude Include="nRF24L01.h">
      <Filter>RF24</Filter>
    </ClInclude>
    <ClInclude Include="printf.h">
      <Filter>RF24</Filter>
    </ClInclude>
    <ClInclude Include="RF24.h">
      <Filter>RF24</Filter>
    </ClInclude>
    <ClInclude Include="RF24_config.h">
      <Filter>RF24</Filter>
    </ClInclude>
    <ClInclude Include="includes.h">
      <Filter>RF24</Filter>
    </ClInclude>
    <ClInclude Include="RF24_arch_config.h">
      <Filter>RF24</Filter>
    </ClInclude>
    <ClInclude Include="spi.h">
      <Filter>RF24</Filter>
    </ClInclude>
    <ClInclude Include="Harvbot\HarvbotStepper.h">
      <Filter>Harvbot</Filter>
    </ClInclude>
    <ClInclude Include="Harvbot\HarvbotTerminableStepper.h">
      <Filter>Harvbot</Filter>
    </ClInclude>
    <ClInclude Include="Accelerometers\HarvbotAccelData.h">
      <Filter>Accelerometers</Filter>
    </ClInclude>
    <ClInclude Include="Accelerometers\HarvbotAccelerometer.h">
      <Filter>Accelerometers</Filter>
    </ClInclude>
    <ClInclude Include="Accelerometers\HarvbotADXL345PiI2CAccelerometer.h">
      <Filter>Accelerometers</Filter>
    </ClInclude>
    <ClInclude Include="VL53L0X_defines.hpp">
      <Filter>Native</Filter>
    </ClInclude>
    <ClInclude Include="ADXL345Pi.h">
      <Filter>Native</Filter>
    </ClInclude>
    <ClInclude Include="HarvbotRangefinder.h">
      <Filter>Rangefinder</Filter>
    </ClInclude>
    <ClInclude Include="HarvbotVL53L0XRangefinder.h">
      <Filter>Rangefinder</Filter>
    </ClInclude>
    <ClInclude Include="VL53L0XPi.hpp">
      <Filter>Native</Filter>
    </ClInclude>
    <ClInclude Include="HarvbotLaser.h" />
    <ClInclude Include="PCA9685Pi.h">
      <Filter>Native</Filter>
    </ClInclude>
    <ClInclude Include="AS5048APi.h">
      <Filter>Native</Filter>
    </ClInclude>
  </ItemGroup>
  <ItemGroup>
    <Filter Include="RF24">
      <UniqueIdentifier>{25e84c3b-dfba-4fcb-b72a-6052c7613052}</UniqueIdentifier>
    </Filter>
    <Filter Include="Harvbot">
      <UniqueIdentifier>{929452d0-4972-4317-a32a-30418946798b}</UniqueIdentifier>
    </Filter>
    <Filter Include="Accelerometers">
      <UniqueIdentifier>{30745373-5a3d-4d25-8c24-be8afe2dea99}</UniqueIdentifier>
    </Filter>
    <Filter Include="Native">
      <UniqueIdentifier>{85fb0671-5908-473a-8312-c91cb5f22384}</UniqueIdentifier>
    </Filter>
    <Filter Include="Rangefinder">
      <UniqueIdentifier>{4f0247e4-f670-4eb5-a6ed-774b68a4ccf8}</UniqueIdentifier>
    </Filter>
  </ItemGroup>
</Project>